
Microsoft Visual Studio Solution File, Format Version 12.00
# Visual Studio 15
VisualStudioVersion = 15.0.27130.2010
MinimumVisualStudioVersion = 10.0.40219.1
Project("{FAE04EC0-301F-11D3-BF4B-00C04F79EFBC}") = "BankAccountProjecy", "BankAccountProjecy\BankAccountProjecy.csproj", "{FE5A78F5-B785-4864-88AB-8A2AA204C256}"
EndProject
Global
	GlobalSection(SolutionConfigurationPlatforms) = preSolution
		Debug|Any CPU = Debug|Any CPU
		Release|Any CPU = Release|Any CPU
	EndGlobalSection
	GlobalSection(ProjectConfigurationPlatforms) = postSolution
		{FE5A78F5-B785-4864-88AB-8A2AA204C256}.Debug|Any CPU.ActiveCfg = Debug|Any CPU
		{FE5A78F5-B785-4864-88AB-8A2AA204C256}.Debug|Any CPU.Build.0 = Debug|Any CPU
		{FE5A78F5-B785-4864-88AB-8A2AA204C256}.Release|Any CPU.ActiveCfg = Release|Any CPU
		{FE5A78F5-B785-4864-88AB-8A2AA204C256}.Release|Any CPU.Build.0 = Release|Any CPU
	EndGlobalSection
	GlobalSection(SolutionProperties) = preSolution
		HideSolutionNode = FALSE
	EndGlobalSection
	GlobalSection(ExtensibilityGlobals) = postSolution
		SolutionGuid = {FBFFC565-3C4C-4656-AB1E-4E3C9266EB1A}
	EndGlobalSection
EndGlobal
